
Microsoft Visual Studio Solution File, Format Version 12.00
# Visual Studio Version 17
VisualStudioVersion = 17.14.36121.58 d17.14
MinimumVisualStudioVersion = 10.0.40219.1
Project("{FAE04EC0-301F-11D3-BF4B-00C04F79EFBC}") = "lab_CSDL", "lab_CSDL.csproj", "{2ADB6D6D-0190-4BBF-B537-4024A9D5F182}"
EndProject
Global
	GlobalSection(SolutionConfigurationPlatforms) = preSolution
		Debug|Any CPU = Debug|Any CPU
		Release|Any CPU = Release|Any CPU
	EndGlobalSection
	GlobalSection(ProjectConfigurationPlatforms) = postSolution
		{2ADB6D6D-0190-4BBF-B537-4024A9D5F182}.Debug|Any CPU.ActiveCfg = Debug|Any CPU
		{2ADB6D6D-0190-4BBF-B537-4024A9D5F182}.Debug|Any CPU.Build.0 = Debug|Any CPU
		{2ADB6D6D-0190-4BBF-B537-4024A9D5F182}.Release|Any CPU.ActiveCfg = Release|Any CPU
		{2ADB6D6D-0190-4BBF-B537-4024A9D5F182}.Release|Any CPU.Build.0 = Release|Any CPU
	EndGlobalSection
	GlobalSection(SolutionProperties) = preSolution
		HideSolutionNode = FALSE
	EndGlobalSection
	GlobalSection(ExtensibilityGlobals) = postSolution
		SolutionGuid = {A4BC5468-6BBA-4D3F-9850-3AEA51F0B662}
	EndGlobalSection
EndGlobal
